
Microsoft Visual Studio Solution File, Format Version 12.00
# Visual Studio 15
VisualStudioVersion = 15.0.28307.136
MinimumVisualStudioVersion = 10.0.40219.1
Project("{FAE04EC0-301F-11D3-BF4B-00C04F79EFBC}") = "UltraSonicLogger", "UltraSonicLogger\UltraSonicLogger.csproj", "{C05C02E4-DF75-48B7-9E36-7F914FF72BAF}"
EndProject
Global
	GlobalSection(SolutionConfigurationPlatforms) = preSolution
		Debug|Any CPU = Debug|Any CPU
		Release|Any CPU = Release|Any CPU
	EndGlobalSection
	GlobalSection(ProjectConfigurationPlatforms) = postSolution
		{C05C02E4-DF75-48B7-9E36-7F914FF72BAF}.Debug|Any CPU.ActiveCfg = Debug|Any CPU
		{C05C02E4-DF75-48B7-9E36-7F914FF72BAF}.Debug|Any CPU.Build.0 = Debug|Any CPU
		{C05C02E4-DF75-48B7-9E36-7F914FF72BAF}.Release|Any CPU.ActiveCfg = Release|Any CPU
		{C05C02E4-DF75-48B7-9E36-7F914FF72BAF}.Release|Any CPU.Build.0 = Release|Any CPU
	EndGlobalSection
	GlobalSection(SolutionProperties) = preSolution
		HideSolutionNode = FALSE
	EndGlobalSection
	GlobalSection(ExtensibilityGlobals) = postSolution
		SolutionGuid = {35FF2E0A-1853-49F4-A652-2D04AF169ED9}
	EndGlobalSection
EndGlobal
